Microsoft Visual Studio Solution File, Format Version 12.00
# Visual Studio Version 17
VisualStudioVersion = 17.5.2.0
MinimumVisualStudioVersion = 10.0.40219.1
Project("{FAE04EC0-301F-11D3-BF4B-00C04F79EFBC}") = "Calendar.Api", "Calendar\Calendar.Api.csproj", "{CAE5077D-D0D1-1181-500F-232F82D481D3}"
EndProject
Project("{FAE04EC0-301F-11D3-BF4B-00C04F79EFBC}") = "Calendar.Client", "Calendar.Client\Calendar.Client.csproj", "{0C5A61F7-553C-0AF3-B381-F3EE0C42F234}"
EndProject
Global
	GlobalSection(SolutionConfigurationPlatforms) = preSolution
		Debug|Any CPU = Debug|Any CPU
		Release|Any CPU = Release|Any CPU
	EndGlobalSection
	GlobalSection(ProjectConfigurationPlatforms) = postSolution
		{CAE5077D-D0D1-1181-500F-232F82D481D3}.Debug|Any CPU.ActiveCfg = Debug|Any CPU
		{CAE5077D-D0D1-1181-500F-232F82D481D3}.Debug|Any CPU.Build.0 = Debug|Any CPU
		{CAE5077D-D0D1-1181-500F-232F82D481D3}.Release|Any CPU.ActiveCfg = Release|Any CPU
		{CAE5077D-D0D1-1181-500F-232F82D481D3}.Release|Any CPU.Build.0 = Release|Any CPU
		{0C5A61F7-553C-0AF3-B381-F3EE0C42F234}.Debug|Any CPU.ActiveCfg = Debug|Any CPU
		{0C5A61F7-553C-0AF3-B381-F3EE0C42F234}.Debug|Any CPU.Build.0 = Debug|Any CPU
		{0C5A61F7-553C-0AF3-B381-F3EE0C42F234}.Release|Any CPU.ActiveCfg = Release|Any CPU
		{0C5A61F7-553C-0AF3-B381-F3EE0C42F234}.Release|Any CPU.Build.0 = Release|Any CPU
	EndGlobalSection
	GlobalSection(SolutionProperties) = preSolution
		HideSolutionNode = FALSE
	EndGlobalSection
	GlobalSection(ExtensibilityGlobals) = postSolution
		SolutionGuid = {5CF304FD-D63F-4C98-B0F7-A29CF141E97D}
	EndGlobalSection
EndGlobal
